// !$*UTF8*$!
{
	archiveVersion = 1;
	classes = {
	};
	objectVersion = 50;
	objects = {

/* Begin PBXBuildFile section */
		E4069F15213BE2FF009FCD7A /* AppDelegate.swift in Sources */ = {isa = PBXBuildFile; fileRef = E4069F14213BE2FF009FCD7A /* AppDelegate.swift */; };
		E4069F1A213BE2FF009FCD7A /* Main.storyboard in Resources */ = {isa = PBXBuildFile; fileRef = E4069F18213BE2FF009FCD7A /* Main.storyboard */; };
		E4069F1C213BE300009FCD7A /* Assets.xcassets in Resources */ = {isa = PBXBuildFile; fileRef = E4069F1B213BE300009FCD7A /* Assets.xcassets */; };
		E4069F1F213BE300009FCD7A /* LaunchScreen.storyboard in Resources */ = {isa = PBXBuildFile; fileRef = E4069F1D213BE300009FCD7A /* LaunchScreen.storyboard */; };
		E4069F2A213BE300009FCD7A /* iOS_ExampleTests.swift in Sources */ = {isa = PBXBuildFile; fileRef = E4069F29213BE300009FCD7A /* iOS_ExampleTests.swift */; };
		E4069F35213BE300009FCD7A /* iOS_ExampleUITests.swift in Sources */ = {isa = PBXBuildFile; fileRef = E4069F34213BE300009FCD7A /* iOS_ExampleUITests.swift */; };
		E4069F53213BE6A2009FCD7A /* SimplePhoneBookCVC.swift in Sources */ = {isa = PBXBuildFile; fileRef = E4069F52213BE6A2009FCD7A /* SimplePhoneBookCVC.swift */; };
		E4069F55213BE70E009FCD7A /* ModelDelegateManager.swift in Sources */ = {isa = PBXBuildFile; fileRef = E4069F54213BE70E009FCD7A /* ModelDelegateManager.swift */; };
		E4069F57213C3B78009FCD7A /* UITableViewController+Extension.swift in Sources */ = {isa = PBXBuildFile; fileRef = E4069F56213C3B78009FCD7A /* UITableViewController+Extension.swift */; };
		E4069F5F213C6753009FCD7A /* UICollectionViewController+Extension.swift in Sources */ = {isa = PBXBuildFile; fileRef = E4069F5E213C6753009FCD7A /* UICollectionViewController+Extension.swift */; };
		E4069F64213C68CC009FCD7A /* MainTableViewController.swift in Sources */ = {isa = PBXBuildFile; fileRef = E4069F63213C68CC009FCD7A /* MainTableViewController.swift */; };
		E4069F66213C7087009FCD7A /* SimplePhoneBookTVC.swift in Sources */ = {isa = PBXBuildFile; fileRef = E4069F65213C7087009FCD7A /* SimplePhoneBookTVC.swift */; };
		E4069F69213C70BB009FCD7A /* Contact.swift in Sources */ = {isa = PBXBuildFile; fileRef = E4069F68213C70BB009FCD7A /* Contact.swift */; };
		E424DD8A213E1BCF002E20D8 /* SectionedPhoneBookTVC.swift in Sources */ = {isa = PBXBuildFile; fileRef = E424DD89213E1BCF002E20D8 /* SectionedPhoneBookTVC.swift */; };
		E424DD8E213E7FCD002E20D8 /* PaginationPhoneBookTVC.swift in Sources */ = {isa = PBXBuildFile; fileRef = E424DD8D213E7FCD002E20D8 /* PaginationPhoneBookTVC.swift */; };
		E47F1AAA213D0A6400708DFF /* PhoneBook.json in Resources */ = {isa = PBXBuildFile; fileRef = E47F1AA9213D0A6400708DFF /* PhoneBook.json */; };
		E4B30771214117030034F169 /* ImageDownloader.swift in Sources */ = {isa = PBXBuildFile; fileRef = E4B3076E214117030034F169 /* ImageDownloader.swift */; };
		E4B30773214117600034F169 /* CustomEntityProtocol.swift in Sources */ = {isa = PBXBuildFile; fileRef = E4B30772214117600034F169 /* CustomEntityProtocol.swift */; };
		E4EC83502143DDDD0063B4BB /* CollectionViewCell.swift in Sources */ = {isa = PBXBuildFile; fileRef = E4EC834E2143DDDD0063B4BB /* CollectionViewCell.swift */; };
		E4EC83512143DDDD0063B4BB /* CollectionViewCell.xib in Resources */ = {isa = PBXBuildFile; fileRef = E4EC834F2143DDDD0063B4BB /* CollectionViewCell.xib */; };
		E4EC83582143EAC50063B4BB /* PhoneBook_5.json in Resources */ = {isa = PBXBuildFile; fileRef = E4EC83522143EAC50063B4BB /* PhoneBook_5.json */; };
		E4EC83592143EAC50063B4BB /* PhoneBook_1.json in Resources */ = {isa = PBXBuildFile; fileRef = E4EC83532143EAC50063B4BB /* PhoneBook_1.json */; };
		E4EC835A2143EAC50063B4BB /* PhoneBook_4.json in Resources */ = {isa = PBXBuildFile; fileRef = E4EC83542143EAC50063B4BB /* PhoneBook_4.json */; };
		E4EC835B2143EAC50063B4BB /* PhoneBook_3.json in Resources */ = {isa = PBXBuildFile; fileRef = E4EC83552143EAC50063B4BB /* PhoneBook_3.json */; };
		E4EC835C2143EAC50063B4BB /* PhoneBook_0.json in Resources */ = {isa = PBXBuildFile; fileRef = E4EC83562143EAC50063B4BB /* PhoneBook_0.json */; };
		E4EC835D2143EAC50063B4BB /* PhoneBook_2.json in Resources */ = {isa = PBXBuildFile; fileRef = E4EC83572143EAC50063B4BB /* PhoneBook_2.json */; };
		E4EC835F2143ECF10063B4BB /* PaginationPhoneBookCVC.swift in Sources */ = {isa = PBXBuildFile; fileRef = E4EC835E2143ECF10063B4BB /* PaginationPhoneBookCVC.swift */; };
		E4EC83612143EDE20063B4BB /* SectionedPhoneBookCVC.swift in Sources */ = {isa = PBXBuildFile; fileRef = E4EC83602143EDE20063B4BB /* SectionedPhoneBookCVC.swift */; };
		E4EC8365214404B70063B4BB /* CollectionReusableView.swift in Sources */ = {isa = PBXBuildFile; fileRef = E4EC8363214404B70063B4BB /* CollectionReusableView.swift */; };
		E4EC8366214404B70063B4BB /* CollectionReusableView.xib in Resources */ = {isa = PBXBuildFile; fileRef = E4EC8364214404B70063B4BB /* CollectionReusableView.xib */; };
		E4EC836A214430440063B4BB /* BasicTableViewController.swift in Sources */ = {isa = PBXBuildFile; fileRef = E4EC8369214430440063B4BB /* BasicTableViewController.swift */; };
		E4EC8370214437680063B4BB /* SortablePhoneBookTVC.swift in Sources */ = {isa = PBXBuildFile; fileRef = E4EC836F214437680063B4BB /* SortablePhoneBookTVC.swift */; };
		E4EC837321443CCA0063B4BB /* SearchablePhoneBookTVC.swift in Sources */ = {isa = PBXBuildFile; fileRef = E4EC837221443CCA0063B4BB /* SearchablePhoneBookTVC.swift */; };
		E4EC837521443D4D0063B4BB /* JsonService.swift in Sources */ = {isa = PBXBuildFile; fileRef = E4EC837421443D4D0063B4BB /* JsonService.swift */; };
		E4EC83CA2145948B0063B4BB /* MutablePhoneBookTVC.swift in Sources */ = {isa = PBXBuildFile; fileRef = E4EC83C92145948B0063B4BB /* MutablePhoneBookTVC.swift */; };
		E4EC83CC214596140063B4BB /* PhoneBook_Mutable.json in Resources */ = {isa = PBXBuildFile; fileRef = E4EC83CB214596140063B4BB /* PhoneBook_Mutable.json */; };
		E4EC83CE21462CC50063B4BB /* FilteredPhoneBookTVC.swift in Sources */ = {isa = PBXBuildFile; fileRef = E4EC83CD21462CC50063B4BB /* FilteredPhoneBookTVC.swift */; };
		E4EC83D12146355B0063B4BB /* PhoneBookCVC.swift in Sources */ = {isa = PBXBuildFile; fileRef = E4EC83D02146355B0063B4BB /* PhoneBookCVC.swift */; };
		E4EC83D5214638C90063B4BB /* SortablePhoneBookCVC.swift in Sources */ = {isa = PBXBuildFile; fileRef = E4EC83D4214638C90063B4BB /* SortablePhoneBookCVC.swift */; };
		E4EC83D921463ECF0063B4BB /* FilteredPhoneBookCVC.swift in Sources */ = {isa = PBXBuildFile; fileRef = E4EC83D821463ECF0063B4BB /* FilteredPhoneBookCVC.swift */; };
		E4EC83DB21463FD50063B4BB /* SearchablePhoneBookCVC.swift in Sources */ = {isa = PBXBuildFile; fileRef = E4EC83DA21463FD50063B4BB /* SearchablePhoneBookCVC.swift */; };
		E4EC83DD214642360063B4BB /* MutablePhoneBookCVC.swift in Sources */ = {isa = PBXBuildFile; fileRef = E4EC83DC214642360063B4BB /* MutablePhoneBookCVC.swift */; };
/* End PBXBuildFile section */

/* Begin PBXContainerItemProxy section */
		E4069F26213BE300009FCD7A /* PBXContainerItemProxy */ = {
			isa = PBXContainerItemProxy;
			containerPortal = E4069F09213BE2FF009FCD7A /* Project object */;
			proxyType = 1;
			remoteGlobalIDString = E4069F10213BE2FF009FCD7A;
			remoteInfo = iOS_Example;
		};
		E4069F31213BE300009FCD7A /* PBXContainerItemProxy */ = {
			isa = PBXContainerItemProxy;
			containerPortal = E4069F09213BE2FF009FCD7A /* Project object */;
			proxyType = 1;
			remoteGlobalIDString = E4069F10213BE2FF009FCD7A;
			remoteInfo = iOS_Example;
		};
		E47F1AA5213CF7F600708DFF /* PBXContainerItemProxy */ = {
			isa = PBXContainerItemProxy;
			containerPortal = E47F1AA0213CF7F600708DFF /* Model.xcodeproj */;
			proxyType = 2;
			remoteGlobalIDString = E477161A2133054900B7E2BE;
			remoteInfo = Model;
		};
		E47F1AA7213CF7F600708DFF /* PBXContainerItemProxy */ = {
			isa = PBXContainerItemProxy;
			containerPortal = E47F1AA0213CF7F600708DFF /* Model.xcodeproj */;
			proxyType = 2;
			remoteGlobalIDString = E47716232133054A00B7E2BE;
			remoteInfo = ModelTests;
		};
/* End PBXContainerItemProxy section */

/* Begin PBXCopyFilesBuildPhase section */
		E4069F4F213BE331009FCD7A /* Embed Frameworks */ = {
			isa = PBXCopyFilesBuildPhase;
			buildActionMask = 2147483647;
			dstPath = "";
			dstSubfolderSpec = 10;
			files = (
			);
			name = "Embed Frameworks";
			runOnlyForDeploymentPostprocessing = 0;
		};
/* End PBXCopyFilesBuildPhase section */

/* Begin PBXFileReference section */
		E4069F11213BE2FF009FCD7A /* iOS_Example.app */ = {isa = PBXFileReference; explicitFileType = wrapper.application; includeInIndex = 0; path = iOS_Example.app; sourceTree = BUILT_PRODUCTS_DIR; };
		E4069F14213BE2FF009FCD7A /* AppDelegate.swift */ = {isa = PBXFileReference; lastKnownFileType = sourcecode.swift; path = AppDelegate.swift; sourceTree = "<group>"; };
		E4069F19213BE2FF009FCD7A /* Base */ = {isa = PBXFileReference; lastKnownFileType = file.storyboard; name = Base; path = Base.lproj/Main.storyboard; sourceTree = "<group>"; };
		E4069F1B213BE300009FCD7A /* Assets.xcassets */ = {isa = PBXFileReference; lastKnownFileType = folder.assetcatalog; path = Assets.xcassets; sourceTree = "<group>"; };
		E4069F1E213BE300009FCD7A /* Base */ = {isa = PBXFileReference; lastKnownFileType = file.storyboard; name = Base; path = Base.lproj/LaunchScreen.storyboard; sourceTree = "<group>"; };
		E4069F20213BE300009FCD7A /* Info.plist */ = {isa = PBXFileReference; lastKnownFileType = text.plist.xml; path = Info.plist; sourceTree = "<group>"; };
		E4069F25213BE300009FCD7A /* iOS_ExampleTests.xctest */ = {isa = PBXFileReference; explicitFileType = wrapper.cfbundle; includeInIndex = 0; path = iOS_ExampleTests.xctest; sourceTree = BUILT_PRODUCTS_DIR; };
		E4069F29213BE300009FCD7A /* iOS_ExampleTests.swift */ = {isa = PBXFileReference; lastKnownFileType = sourcecode.swift; path = iOS_ExampleTests.swift; sourceTree = "<group>"; };
		E4069F2B213BE300009FCD7A /* Info.plist */ = {isa = PBXFileReference; lastKnownFileType = text.plist.xml; path = Info.plist; sourceTree = "<group>"; };
		E4069F30213BE300009FCD7A /* iOS_ExampleUITests.xctest */ = {isa = PBXFileReference; explicitFileType = wrapper.cfbundle; includeInIndex = 0; path = iOS_ExampleUITests.xctest; sourceTree = BUILT_PRODUCTS_DIR; };
		E4069F34213BE300009FCD7A /* iOS_ExampleUITests.swift */ = {isa = PBXFileReference; lastKnownFileType = sourcecode.swift; path = iOS_ExampleUITests.swift; sourceTree = "<group>"; };
		E4069F36213BE300009FCD7A /* Info.plist */ = {isa = PBXFileReference; lastKnownFileType = text.plist.xml; path = Info.plist; sourceTree = "<group>"; };
		E4069F52213BE6A2009FCD7A /* SimplePhoneBookCVC.swift */ = {isa = PBXFileReference; lastKnownFileType = sourcecode.swift; path = SimplePhoneBookCVC.swift; sourceTree = "<group>"; };
		E4069F54213BE70E009FCD7A /* ModelDelegateManager.swift */ = {isa = PBXFileReference; lastKnownFileType = sourcecode.swift; path = ModelDelegateManager.swift; sourceTree = "<group>"; };
		E4069F56213C3B78009FCD7A /* UITableViewController+Extension.swift */ = {isa = PBXFileReference; lastKnownFileType = sourcecode.swift; path = "UITableViewController+Extension.swift"; sourceTree = "<group>"; };
		E4069F5E213C6753009FCD7A /* UICollectionViewController+Extension.swift */ = {isa = PBXFileReference; lastKnownFileType = sourcecode.swift; path = "UICollectionViewController+Extension.swift"; sourceTree = "<group>"; };
		E4069F63213C68CC009FCD7A /* MainTableViewController.swift */ = {isa = PBXFileReference; lastKnownFileType = sourcecode.swift; path = MainTableViewController.swift; sourceTree = "<group>"; };
		E4069F65213C7087009FCD7A /* SimplePhoneBookTVC.swift */ = {isa = PBXFileReference; lastKnownFileType = sourcecode.swift; path = SimplePhoneBookTVC.swift; sourceTree = "<group>"; };
		E4069F68213C70BB009FCD7A /* Contact.swift */ = {isa = PBXFileReference; lastKnownFileType = sourcecode.swift; path = Contact.swift; sourceTree = "<group>"; };
		E424DD89213E1BCF002E20D8 /* SectionedPhoneBookTVC.swift */ = {isa = PBXFileReference; lastKnownFileType = sourcecode.swift; path = SectionedPhoneBookTVC.swift; sourceTree = "<group>"; };
		E424DD8D213E7FCD002E20D8 /* PaginationPhoneBookTVC.swift */ = {isa = PBXFileReference; lastKnownFileType = sourcecode.swift; path = PaginationPhoneBookTVC.swift; sourceTree = "<group>"; };
		E47F1AA0213CF7F600708DFF /* Model.xcodeproj */ = {isa = PBXFileReference; lastKnownFileType = "wrapper.pb-project"; name = Model.xcodeproj; path = ../../Model.xcodeproj; sourceTree = "<group>"; };
		E47F1AA9213D0A6400708DFF /* PhoneBook.json */ = {isa = PBXFileReference; fileEncoding = 4; lastKnownFileType = text.json; path = PhoneBook.json; sourceTree = "<group>"; };
		E4B3076E214117030034F169 /* ImageDownloader.swift */ = {isa = PBXFileReference; fileEncoding = 4; lastKnownFileType = sourcecode.swift; path = ImageDownloader.swift; sourceTree = "<group>"; };
		E4B30772214117600034F169 /* CustomEntityProtocol.swift */ = {isa = PBXFileReference; lastKnownFileType = sourcecode.swift; path = CustomEntityProtocol.swift; sourceTree = "<group>"; };
		E4EC834E2143DDDD0063B4BB /* CollectionViewCell.swift */ = {isa = PBXFileReference; lastKnownFileType = sourcecode.swift; path = CollectionViewCell.swift; sourceTree = "<group>"; };
		E4EC834F2143DDDD0063B4BB /* CollectionViewCell.xib */ = {isa = PBXFileReference; lastKnownFileType = file.xib; path = CollectionViewCell.xib; sourceTree = "<group>"; };
		E4EC83522143EAC50063B4BB /* PhoneBook_5.json */ = {isa = PBXFileReference; fileEncoding = 4; lastKnownFileType = text.json; path = PhoneBook_5.json; sourceTree = "<group>"; };
		E4EC83532143EAC50063B4BB /* PhoneBook_1.json */ = {isa = PBXFileReference; fileEncoding = 4; lastKnownFileType = text.json; path = PhoneBook_1.json; sourceTree = "<group>"; };
		E4EC83542143EAC50063B4BB /* PhoneBook_4.json */ = {isa = PBXFileReference; fileEncoding = 4; lastKnownFileType = text.json; path = PhoneBook_4.json; sourceTree = "<group>"; };
		E4EC83552143EAC50063B4BB /* PhoneBook_3.json */ = {isa = PBXFileReference; fileEncoding = 4; lastKnownFileType = text.json; path = PhoneBook_3.json; sourceTree = "<group>"; };
		E4EC83562143EAC50063B4BB /* PhoneBook_0.json */ = {isa = PBXFileReference; fileEncoding = 4; lastKnownFileType = text.json; path = PhoneBook_0.json; sourceTree = "<group>"; };
		E4EC83572143EAC50063B4BB /* PhoneBook_2.json */ = {isa = PBXFileReference; fileEncoding = 4; lastKnownFileType = text.json; path = PhoneBook_2.json; sourceTree = "<group>"; };
		E4EC835E2143ECF10063B4BB /* PaginationPhoneBookCVC.swift */ = {isa = PBXFileReference; lastKnownFileType = sourcecode.swift; path = PaginationPhoneBookCVC.swift; sourceTree = "<group>"; };
		E4EC83602143EDE20063B4BB /* SectionedPhoneBookCVC.swift */ = {isa = PBXFileReference; lastKnownFileType = sourcecode.swift; path = SectionedPhoneBookCVC.swift; sourceTree = "<group>"; };
		E4EC8363214404B70063B4BB /* CollectionReusableView.swift */ = {isa = PBXFileReference; lastKnownFileType = sourcecode.swift; path = CollectionReusableView.swift; sourceTree = "<group>"; };
		E4EC8364214404B70063B4BB /* CollectionReusableView.xib */ = {isa = PBXFileReference; lastKnownFileType = file.xib; path = CollectionReusableView.xib; sourceTree = "<group>"; };
		E4EC8369214430440063B4BB /* BasicTableViewController.swift */ = {isa = PBXFileReference; lastKnownFileType = sourcecode.swift; path = BasicTableViewController.swift; sourceTree = "<group>"; };
		E4EC836F214437680063B4BB /* SortablePhoneBookTVC.swift */ = {isa = PBXFileReference; lastKnownFileType = sourcecode.swift; path = SortablePhoneBookTVC.swift; sourceTree = "<group>"; };
		E4EC837221443CCA0063B4BB /* SearchablePhoneBookTVC.swift */ = {isa = PBXFileReference; lastKnownFileType = sourcecode.swift; path = SearchablePhoneBookTVC.swift; sourceTree = "<group>"; };
		E4EC837421443D4D0063B4BB /* JsonService.swift */ = {isa = PBXFileReference; lastKnownFileType = sourcecode.swift; path = JsonService.swift; sourceTree = "<group>"; };
		E4EC83C92145948B0063B4BB /* MutablePhoneBookTVC.swift */ = {isa = PBXFileReference; lastKnownFileType = sourcecode.swift; path = MutablePhoneBookTVC.swift; sourceTree = "<group>"; };
		E4EC83CB214596140063B4BB /* PhoneBook_Mutable.json */ = {isa = PBXFileReference; fileEncoding = 4; lastKnownFileType = text.json; path = PhoneBook_Mutable.json; sourceTree = "<group>"; };
		E4EC83CD21462CC50063B4BB /* FilteredPhoneBookTVC.swift */ = {isa = PBXFileReference; lastKnownFileType = sourcecode.swift; path = FilteredPhoneBookTVC.swift; sourceTree = "<group>"; };
		E4EC83D02146355B0063B4BB /* PhoneBookCVC.swift */ = {isa = PBXFileReference; lastKnownFileType = sourcecode.swift; path = PhoneBookCVC.swift; sourceTree = "<group>"; };
		E4EC83D4214638C90063B4BB /* SortablePhoneBookCVC.swift */ = {isa = PBXFileReference; lastKnownFileType = sourcecode.swift; path = SortablePhoneBookCVC.swift; sourceTree = "<group>"; };
		E4EC83D821463ECF0063B4BB /* FilteredPhoneBookCVC.swift */ = {isa = PBXFileReference; lastKnownFileType = sourcecode.swift; path = FilteredPhoneBookCVC.swift; sourceTree = "<group>"; };
		E4EC83DA21463FD50063B4BB /* SearchablePhoneBookCVC.swift */ = {isa = PBXFileReference; lastKnownFileType = sourcecode.swift; path = SearchablePhoneBookCVC.swift; sourceTree = "<group>"; };
		E4EC83DC214642360063B4BB /* MutablePhoneBookCVC.swift */ = {isa = PBXFileReference; lastKnownFileType = sourcecode.swift; path = MutablePhoneBookCVC.swift; sourceTree = "<group>"; };
/* End PBXFileReference section */

/* Begin PBXFrameworksBuildPhase section */
		E4069F0E213BE2FF009FCD7A /* Frameworks */ = {
			isa = PBXFrameworksBuildPhase;
			buildActionMask = 2147483647;
			files = (
			);
			runOnlyForDeploymentPostprocessing = 0;
		};
		E4069F22213BE300009FCD7A /* Frameworks */ = {
			isa = PBXFrameworksBuildPhase;
			buildActionMask = 2147483647;
			files = (
			);
			runOnlyForDeploymentPostprocessing = 0;
		};
		E4069F2D213BE300009FCD7A /* Frameworks */ = {
			isa = PBXFrameworksBuildPhase;
			buildActionMask = 2147483647;
			files = (
			);
			runOnlyForDeploymentPostprocessing = 0;
		};
/* End PBXFrameworksBuildPhase section */

/* Begin PBXGroup section */
		E4069F08213BE2FF009FCD7A = {
			isa = PBXGroup;
			children = (
				E4069F13213BE2FF009FCD7A /* iOS_Example */,
				E4069F28213BE300009FCD7A /* iOS_ExampleTests */,
				E4069F33213BE300009FCD7A /* iOS_ExampleUITests */,
				E4069F12213BE2FF009FCD7A /* Products */,
				E47F1AA0213CF7F600708DFF /* Model.xcodeproj */,
			);
			sourceTree = "<group>";
		};
		E4069F12213BE2FF009FCD7A /* Products */ = {
			isa = PBXGroup;
			children = (
				E4069F11213BE2FF009FCD7A /* iOS_Example.app */,
				E4069F25213BE300009FCD7A /* iOS_ExampleTests.xctest */,
				E4069F30213BE300009FCD7A /* iOS_ExampleUITests.xctest */,
			);
			name = Products;
			sourceTree = "<group>";
		};
		E4069F13213BE2FF009FCD7A /* iOS_Example */ = {
			isa = PBXGroup;
			children = (
				E4069F60213C6876009FCD7A /* Resources */,
				E4069F14213BE2FF009FCD7A /* AppDelegate.swift */,
				E4EC836B214431D60063B4BB /* Model */,
				E4EC836C214431E90063B4BB /* Controller */,
				E4EC837E2144AFE20063B4BB /* Views */,
				E4069F20213BE300009FCD7A /* Info.plist */,
			);
			path = iOS_Example;
			sourceTree = "<group>";
		};
		E4069F28213BE300009FCD7A /* iOS_ExampleTests */ = {
			isa = PBXGroup;
			children = (
				E4069F29213BE300009FCD7A /* iOS_ExampleTests.swift */,
				E4069F2B213BE300009FCD7A /* Info.plist */,
			);
			path = iOS_ExampleTests;
			sourceTree = "<group>";
		};
		E4069F33213BE300009FCD7A /* iOS_ExampleUITests */ = {
			isa = PBXGroup;
			children = (
				E4069F34213BE300009FCD7A /* iOS_ExampleUITests.swift */,
				E4069F36213BE300009FCD7A /* Info.plist */,
			);
			path = iOS_ExampleUITests;
			sourceTree = "<group>";
		};
		E4069F60213C6876009FCD7A /* Resources */ = {
			isa = PBXGroup;
			children = (
				E47F1AA9213D0A6400708DFF /* PhoneBook.json */,
				E4EC83CB214596140063B4BB /* PhoneBook_Mutable.json */,
				E4EC834321424F510063B4BB /* Pagination Phone Book */,
			);
			path = Resources;
			sourceTree = "<group>";
		};
		E4069F67213C70A7009FCD7A /* Entities */ = {
			isa = PBXGroup;
			children = (
				E4069F68213C70BB009FCD7A /* Contact.swift */,
			);
			path = Entities;
			sourceTree = "<group>";
		};
		E47F1AA1213CF7F600708DFF /* Products */ = {
			isa = PBXGroup;
			children = (
				E47F1AA6213CF7F600708DFF /* Model.framework */,
				E47F1AA8213CF7F600708DFF /* ModelTests.xctest */,
			);
			name = Products;
			sourceTree = "<group>";
		};
		E4EC834321424F510063B4BB /* Pagination Phone Book */ = {
			isa = PBXGroup;
			children = (
				E4EC83562143EAC50063B4BB /* PhoneBook_0.json */,
				E4EC83532143EAC50063B4BB /* PhoneBook_1.json */,
				E4EC83572143EAC50063B4BB /* PhoneBook_2.json */,
				E4EC83552143EAC50063B4BB /* PhoneBook_3.json */,
				E4EC83542143EAC50063B4BB /* PhoneBook_4.json */,
				E4EC83522143EAC50063B4BB /* PhoneBook_5.json */,
			);
			path = "Pagination Phone Book";
			sourceTree = "<group>";
		};
		E4EC836B214431D60063B4BB /* Model */ = {
			isa = PBXGroup;
			children = (
				E4B30772214117600034F169 /* CustomEntityProtocol.swift */,
				E4069F67213C70A7009FCD7A /* Entities */,
			);
			path = Model;
			sourceTree = "<group>";
		};
		E4EC836C214431E90063B4BB /* Controller */ = {
			isa = PBXGroup;
			children = (
				E4EC837421443D4D0063B4BB /* JsonService.swift */,
				E4B3076E214117030034F169 /* ImageDownloader.swift */,
			);
			path = Controller;
			sourceTree = "<group>";
		};
		E4EC837121443A8B0063B4BB /* CollectionViewControllers */ = {
			isa = PBXGroup;
			children = (
				E4EC83D721463EB10063B4BB /* CollectionViewCell */,
				E4EC83D621463E980063B4BB /* CollectionReusableView */,
				E4EC83D02146355B0063B4BB /* PhoneBookCVC.swift */,
				E4069F52213BE6A2009FCD7A /* SimplePhoneBookCVC.swift */,
				E4EC83D4214638C90063B4BB /* SortablePhoneBookCVC.swift */,
				E4EC83602143EDE20063B4BB /* SectionedPhoneBookCVC.swift */,
				E4EC83D821463ECF0063B4BB /* FilteredPhoneBookCVC.swift */,
				E4EC83DA21463FD50063B4BB /* SearchablePhoneBookCVC.swift */,
				E4EC83DC214642360063B4BB /* MutablePhoneBookCVC.swift */,
				E4EC835E2143ECF10063B4BB /* PaginationPhoneBookCVC.swift */,
			);
			path = CollectionViewControllers;
			sourceTree = "<group>";
		};
		E4EC837A2144A9FB0063B4BB /* TableViewControllers */ = {
			isa = PBXGroup;
			children = (
				E4EC8369214430440063B4BB /* BasicTableViewController.swift */,
				E4069F65213C7087009FCD7A /* SimplePhoneBookTVC.swift */,
				E4EC836F214437680063B4BB /* SortablePhoneBookTVC.swift */,
				E424DD89213E1BCF002E20D8 /* SectionedPhoneBookTVC.swift */,
				E4EC83CD21462CC50063B4BB /* FilteredPhoneBookTVC.swift */,
				E4EC837221443CCA0063B4BB /* SearchablePhoneBookTVC.swift */,
				E4EC83C92145948B0063B4BB /* MutablePhoneBookTVC.swift */,
				E424DD8D213E7FCD002E20D8 /* PaginationPhoneBookTVC.swift */,
			);
			path = TableViewControllers;
			sourceTree = "<group>";
		};
		E4EC837E2144AFE20063B4BB /* Views */ = {
			isa = PBXGroup;
			children = (
				E4069F54213BE70E009FCD7A /* ModelDelegateManager.swift */,
				E4EC83DE21464A530063B4BB /* Extensions */,
				E4069F63213C68CC009FCD7A /* MainTableViewController.swift */,
				E4EC837A2144A9FB0063B4BB /* TableViewControllers */,
				E4EC837121443A8B0063B4BB /* CollectionViewControllers */,
				E4069F18213BE2FF009FCD7A /* Main.storyboard */,
				E4069F1B213BE300009FCD7A /* Assets.xcassets */,
				E4069F1D213BE300009FCD7A /* LaunchScreen.storyboard */,
			);
			path = Views;
			sourceTree = "<group>";
		};
		E4EC83D621463E980063B4BB /* CollectionReusableView */ = {
			isa = PBXGroup;
			children = (
				E4EC8363214404B70063B4BB /* CollectionReusableView.swift */,
				E4EC8364214404B70063B4BB /* CollectionReusableView.xib */,
			);
			path = CollectionReusableView;
			sourceTree = "<group>";
		};
		E4EC83D721463EB10063B4BB /* CollectionViewCell */ = {
			isa = PBXGroup;
			children = (
				E4EC834E2143DDDD0063B4BB /* CollectionViewCell.swift */,
				E4EC834F2143DDDD0063B4BB /* CollectionViewCell.xib */,
			);
			path = CollectionViewCell;
			sourceTree = "<group>";
		};
		E4EC83DE21464A530063B4BB /* Extensions */ = {
			isa = PBXGroup;
			children = (
				E4069F56213C3B78009FCD7A /* UITableViewController+Extension.swift */,
				E4069F5E213C6753009FCD7A /* UICollectionViewController+Extension.swift */,
			);
			path = Extensions;
			sourceTree = "<group>";
		};
/* End PBXGroup section */

/* Begin PBXNativeTarget section */
		E4069F10213BE2FF009FCD7A /* iOS_Example */ = {
			isa = PBXNativeTarget;
			buildConfigurationList = E4069F39213BE300009FCD7A /* Build configuration list for PBXNativeTarget "iOS_Example" */;
			buildPhases = (
				E4069F0D213BE2FF009FCD7A /* Sources */,
				E4069F0E213BE2FF009FCD7A /* Frameworks */,
				E4069F0F213BE2FF009FCD7A /* Resources */,
				E4069F4F213BE331009FCD7A /* Embed Frameworks */,
			);
			buildRules = (
			);
			dependencies = (
			);
			name = iOS_Example;
			productName = iOS_Example;
			productReference = E4069F11213BE2FF009FCD7A /* iOS_Example.app */;
			productType = "com.apple.product-type.application";
		};
		E4069F24213BE300009FCD7A /* iOS_ExampleTests */ = {
			isa = PBXNativeTarget;
			buildConfigurationList = E4069F3C213BE300009FCD7A /* Build configuration list for PBXNativeTarget "iOS_ExampleTests" */;
			buildPhases = (
				E4069F21213BE300009FCD7A /* Sources */,
				E4069F22213BE300009FCD7A /* Frameworks */,
				E4069F23213BE300009FCD7A /* Resources */,
			);
			buildRules = (
			);
			dependencies = (
				E4069F27213BE300009FCD7A /* PBXTargetDependency */,
			);
			name = iOS_ExampleTests;
			productName = iOS_ExampleTests;
			productReference = E4069F25213BE300009FCD7A /* iOS_ExampleTests.xctest */;
			productType = "com.apple.product-type.bundle.unit-test";
		};
		E4069F2F213BE300009FCD7A /* iOS_ExampleUITests */ = {
			isa = PBXNativeTarget;
			buildConfigurationList = E4069F3F213BE300009FCD7A /* Build configuration list for PBXNativeTarget "iOS_ExampleUITests" */;
			buildPhases = (
				E4069F2C213BE300009FCD7A /* Sources */,
				E4069F2D213BE300009FCD7A /* Frameworks */,
				E4069F2E213BE300009FCD7A /* Resources */,
			);
			buildRules = (
			);
			dependencies = (
				E4069F32213BE300009FCD7A /* PBXTargetDependency */,
			);
			name = iOS_ExampleUITests;
			productName = iOS_ExampleUITests;
			productReference = E4069F30213BE300009FCD7A /* iOS_ExampleUITests.xctest */;
			productType = "com.apple.product-type.bundle.ui-testing";
		};
/* End PBXNativeTarget section */

/* Begin PBXProject section */
		E4069F09213BE2FF009FCD7A /* Project object */ = {
			isa = PBXProject;
			attributes = {
				LastSwiftUpdateCheck = 0940;
				LastUpgradeCheck = 0940;
				ORGANIZATIONNAME = "Seyed Samad Gholamzadeh";
				TargetAttributes = {
					E4069F10213BE2FF009FCD7A = {
						CreatedOnToolsVersion = 9.4.1;
					};
					E4069F24213BE300009FCD7A = {
						CreatedOnToolsVersion = 9.4.1;
						TestTargetID = E4069F10213BE2FF009FCD7A;
					};
					E4069F2F213BE300009FCD7A = {
						CreatedOnToolsVersion = 9.4.1;
						TestTargetID = E4069F10213BE2FF009FCD7A;
					};
				};
			};
			buildConfigurationList = E4069F0C213BE2FF009FCD7A /* Build configuration list for PBXProject "iOS_Example" */;
			compatibilityVersion = "Xcode 9.3";
			developmentRegion = en;
			hasScannedForEncodings = 0;
			knownRegions = (
				en,
				Base,
			);
			mainGroup = E4069F08213BE2FF009FCD7A;
			productRefGroup = E4069F12213BE2FF009FCD7A /* Products */;
			projectDirPath = "";
			projectReferences = (
				{
					ProductGroup = E47F1AA1213CF7F600708DFF /* Products */;
					ProjectRef = E47F1AA0213CF7F600708DFF /* Model.xcodeproj */;
				},
			);
			projectRoot = "";
			targets = (
				E4069F10213BE2FF009FCD7A /* iOS_Example */,
				E4069F24213BE300009FCD7A /* iOS_ExampleTests */,
				E4069F2F213BE300009FCD7A /* iOS_ExampleUITests */,
			);
		};
/* End PBXProject section */

/* Begin PBXReferenceProxy section */
		E47F1AA6213CF7F600708DFF /* Model.framework */ = {
			isa = PBXReferenceProxy;
			fileType = wrapper.framework;
			path = Model.framework;
			remoteRef = E47F1AA5213CF7F600708DFF /* PBXContainerItemProxy */;
			sourceTree = BUILT_PRODUCTS_DIR;
		};
		E47F1AA8213CF7F600708DFF /* ModelTests.xctest */ = {
			isa = PBXReferenceProxy;
			fileType = wrapper.cfbundle;
			path = ModelTests.xctest;
			remoteRef = E47F1AA7213CF7F600708DFF /* PBXContainerItemProxy */;
			sourceTree = BUILT_PRODUCTS_DIR;
		};
/* End PBXReferenceProxy section */

/* Begin PBXResourcesBuildPhase section */
		E4069F0F213BE2FF009FCD7A /* Resources */ = {
			isa = PBXResourcesBuildPhase;
			buildActionMask = 2147483647;
			files = (
				E4EC835B2143EAC50063B4BB /* PhoneBook_3.json in Resources */,
				E4EC83CC214596140063B4BB /* PhoneBook_Mutable.json in Resources */,
				E4EC8366214404B70063B4BB /* CollectionReusableView.xib in Resources */,
				E4EC835A2143EAC50063B4BB /* PhoneBook_4.json in Resources */,
				E4EC835C2143EAC50063B4BB /* PhoneBook_0.json in Resources */,
				E4069F1F213BE300009FCD7A /* LaunchScreen.storyboard in Resources */,
				E4069F1C213BE300009FCD7A /* Assets.xcassets in Resources */,
				E4EC835D2143EAC50063B4BB /* PhoneBook_2.json in Resources */,
				E4069F1A213BE2FF009FCD7A /* Main.storyboard in Resources */,
				E4EC83582143EAC50063B4BB /* PhoneBook_5.json in Resources */,
				E4EC83592143EAC50063B4BB /* PhoneBook_1.json in Resources */,
				E4EC83512143DDDD0063B4BB /* CollectionViewCell.xib in Resources */,
				E47F1AAA213D0A6400708DFF /* PhoneBook.json in Resources */,
			);
			runOnlyForDeploymentPostprocessing = 0;
		};
		E4069F23213BE300009FCD7A /* Resources */ = {
			isa = PBXResourcesBuildPhase;
			buildActionMask = 2147483647;
			files = (
			);
			runOnlyForDeploymentPostprocessing = 0;
		};
		E4069F2E213BE300009FCD7A /* Resources */ = {
			isa = PBXResourcesBuildPhase;
			buildActionMask = 2147483647;
			files = (
			);
			runOnlyForDeploymentPostprocessing = 0;
		};
/* End PBXResourcesBuildPhase section */

/* Begin PBXSourcesBuildPhase section */
		E4069F0D213BE2FF009FCD7A /* Sources */ = {
			isa = PBXSourcesBuildPhase;
			buildActionMask = 2147483647;
			files = (
				E4B30773214117600034F169 /* CustomEntityProtocol.swift in Sources */,
				E4069F69213C70BB009FCD7A /* Contact.swift in Sources */,
				E4EC83CA2145948B0063B4BB /* MutablePhoneBookTVC.swift in Sources */,
				E4069F55213BE70E009FCD7A /* ModelDelegateManager.swift in Sources */,
				E4EC83DD214642360063B4BB /* MutablePhoneBookCVC.swift in Sources */,
				E4EC837321443CCA0063B4BB /* SearchablePhoneBookTVC.swift in Sources */,
				E4EC8370214437680063B4BB /* SortablePhoneBookTVC.swift in Sources */,
				E4EC83DB21463FD50063B4BB /* SearchablePhoneBookCVC.swift in Sources */,
				E4069F5F213C6753009FCD7A /* UICollectionViewController+Extension.swift in Sources */,
				E4B30771214117030034F169 /* ImageDownloader.swift in Sources */,
				E4EC83612143EDE20063B4BB /* SectionedPhoneBookCVC.swift in Sources */,
				E4EC835F2143ECF10063B4BB /* PaginationPhoneBookCVC.swift in Sources */,
				E4EC83D5214638C90063B4BB /* SortablePhoneBookCVC.swift in Sources */,
				E4069F64213C68CC009FCD7A /* MainTableViewController.swift in Sources */,
				E424DD8E213E7FCD002E20D8 /* PaginationPhoneBookTVC.swift in Sources */,
				E4069F57213C3B78009FCD7A /* UITableViewController+Extension.swift in Sources */,
				E4069F53213BE6A2009FCD7A /* SimplePhoneBookCVC.swift in Sources */,
				E4EC83502143DDDD0063B4BB /* CollectionViewCell.swift in Sources */,
				E4EC837521443D4D0063B4BB /* JsonService.swift in Sources */,
				E4EC8365214404B70063B4BB /* CollectionReusableView.swift in Sources */,
				E4069F15213BE2FF009FCD7A /* AppDelegate.swift in Sources */,
				E424DD8A213E1BCF002E20D8 /* SectionedPhoneBookTVC.swift in Sources */,
				E4EC836A214430440063B4BB /* BasicTableViewController.swift in Sources */,
				E4EC83CE21462CC50063B4BB /* FilteredPhoneBookTVC.swift in Sources */,
				E4EC83D12146355B0063B4BB /* PhoneBookCVC.swift in Sources */,
				E4EC83D921463ECF0063B4BB /* FilteredPhoneBookCVC.swift in Sources */,
				E4069F66213C7087009FCD7A /* SimplePhoneBookTVC.swift in Sources */,
			);
			runOnlyForDeploymentPostprocessing = 0;
		};
		E4069F21213BE300009FCD7A /* Sources */ = {
			isa = PBXSourcesBuildPhase;
			buildActionMask = 2147483647;
			files = (
				E4069F2A213BE300009FCD7A /* iOS_ExampleTests.swift in Sources */,
			);
			runOnlyForDeploymentPostprocessing = 0;
		};
		E4069F2C213BE300009FCD7A /* Sources */ = {
			isa = PBXSourcesBuildPhase;
			buildActionMask = 2147483647;
			files = (
				E4069F35213BE300009FCD7A /* iOS_ExampleUITests.swift in Sources */,
			);
			runOnlyForDeploymentPostprocessing = 0;
		};
/* End PBXSourcesBuildPhase section */

/* Begin PBXTargetDependency section */
		E4069F27213BE300009FCD7A /* PBXTargetDependency */ = {
			isa = PBXTargetDependency;
			target = E4069F10213BE2FF009FCD7A /* iOS_Example */;
			targetProxy = E4069F26213BE300009FCD7A /* PBXContainerItemProxy */;
		};
		E4069F32213BE300009FCD7A /* PBXTargetDependency */ = {
			isa = PBXTargetDependency;
			target = E4069F10213BE2FF009FCD7A /* iOS_Example */;
			targetProxy = E4069F31213BE300009FCD7A /* PBXContainerItemProxy */;
		};
/* End PBXTargetDependency section */

/* Begin PBXVariantGroup section */
		E4069F18213BE2FF009FCD7A /* Main.storyboard */ = {
			isa = PBXVariantGroup;
			children = (
				E4069F19213BE2FF009FCD7A /* Base */,
			);
			name = Main.storyboard;
			sourceTree = "<group>";
		};
		E4069F1D213BE300009FCD7A /* LaunchScreen.storyboard */ = {
			isa = PBXVariantGroup;
			children = (
				E4069F1E213BE300009FCD7A /* Base */,
			);
			name = LaunchScreen.storyboard;
			sourceTree = "<group>";
		};
/* End PBXVariantGroup section */

/* Begin XCBuildConfiguration section */
		E4069F37213BE300009FCD7A /* Debug */ = {
			isa = XCBuildConfiguration;
			buildSettings = {
				ALWAYS_SEARCH_USER_PATHS = NO;
				CLANG_ANALYZER_NONNULL = YES;
				CLANG_ANALYZER_NUMBER_OBJECT_CONVERSION = YES_AGGRESSIVE;
				CLANG_CXX_LANGUAGE_STANDARD = "gnu++14";
				CLANG_CXX_LIBRARY = "libc++";
				CLANG_ENABLE_MODULES = YES;
				CLANG_ENABLE_OBJC_ARC = YES;
				CLANG_ENABLE_OBJC_WEAK = YES;
				CLANG_WARN_BLOCK_CAPTURE_AUTORELEASING = YES;
				CLANG_WARN_BOOL_CONVERSION = YES;
				CLANG_WARN_COMMA = YES;
				CLANG_WARN_CONSTANT_CONVERSION = YES;
				CLANG_WARN_DEPRECATED_OBJC_IMPLEMENTATIONS = YES;
				CLANG_WARN_DIRECT_OBJC_ISA_USAGE = YES_ERROR;
				CLANG_WARN_DOCUMENTATION_COMMENTS = YES;
				CLANG_WARN_EMPTY_BODY = YES;
				CLANG_WARN_ENUM_CONVERSION = YES;
				CLANG_WARN_INFINITE_RECURSION = YES;
				CLANG_WARN_INT_CONVERSION = YES;
				CLANG_WARN_NON_LITERAL_NULL_CONVERSION = YES;
				CLANG_WARN_OBJC_IMPLICIT_RETAIN_SELF = YES;
				CLANG_WARN_OBJC_LITERAL_CONVERSION = YES;
				CLANG_WARN_OBJC_ROOT_CLASS = YES_ERROR;
				CLANG_WARN_RANGE_LOOP_ANALYSIS = YES;
				CLANG_WARN_STRICT_PROTOTYPES = YES;
				CLANG_WARN_SUSPICIOUS_MOVE = YES;
				CLANG_WARN_UNGUARDED_AVAILABILITY = YES_AGGRESSIVE;
				CLANG_WARN_UNREACHABLE_CODE = YES;
				CLANG_WARN__DUPLICATE_METHOD_MATCH = YES;
				CODE_SIGN_IDENTITY = "iPhone Developer";
				COPY_PHASE_STRIP = NO;
				DEBUG_INFORMATION_FORMAT = dwarf;
				ENABLE_STRICT_OBJC_MSGSEND = YES;
				ENABLE_TESTABILITY = YES;
				GCC_C_LANGUAGE_STANDARD = gnu11;
				GCC_DYNAMIC_NO_PIC = NO;
				GCC_NO_COMMON_BLOCKS = YES;
				GCC_OPTIMIZATION_LEVEL = 0;
				GCC_PREPROCESSOR_DEFINITIONS = (
					"DEBUG=1",
					"$(inherited)",
				);
				GCC_WARN_64_TO_32_BIT_CONVERSION = YES;
				GCC_WARN_ABOUT_RETURN_TYPE = YES_ERROR;
				GCC_WARN_UNDECLARED_SELECTOR = YES;
				GCC_WARN_UNINITIALIZED_AUTOS = YES_AGGRESSIVE;
				GCC_WARN_UNUSED_FUNCTION = YES;
				GCC_WARN_UNUSED_VARIABLE = YES;
				IPHONEOS_DEPLOYMENT_TARGET = 11.4;
				MTL_ENABLE_DEBUG_INFO = YES;
				ONLY_ACTIVE_ARCH = YES;
				SDKROOT = iphoneos;
				SWIFT_ACTIVE_COMPILATION_CONDITIONS = DEBUG;
				SWIFT_OPTIMIZATION_LEVEL = "-Onone";
			};
			name = Debug;
		};
		E4069F38213BE300009FCD7A /* Release */ = {
			isa = XCBuildConfiguration;
			buildSettings = {
				ALWAYS_SEARCH_USER_PATHS = NO;
				CLANG_ANALYZER_NONNULL = YES;
				CLANG_ANALYZER_NUMBER_OBJECT_CONVERSION = YES_AGGRESSIVE;
				CLANG_CXX_LANGUAGE_STANDARD = "gnu++14";
				CLANG_CXX_LIBRARY = "libc++";
				CLANG_ENABLE_MODULES = YES;
				CLANG_ENABLE_OBJC_ARC = YES;
				CLANG_ENABLE_OBJC_WEAK = YES;
				CLANG_WARN_BLOCK_CAPTURE_AUTORELEASING = YES;
				CLANG_WARN_BOOL_CONVERSION = YES;
				CLANG_WARN_COMMA = YES;
				CLANG_WARN_CONSTANT_CONVERSION = YES;
				CLANG_WARN_DEPRECATED_OBJC_IMPLEMENTATIONS = YES;
				CLANG_WARN_DIRECT_OBJC_ISA_USAGE = YES_ERROR;
				CLANG_WARN_DOCUMENTATION_COMMENTS = YES;
				CLANG_WARN_EMPTY_BODY = YES;
				CLANG_WARN_ENUM_CONVERSION = YES;
				CLANG_WARN_INFINITE_RECURSION = YES;
				CLANG_WARN_INT_CONVERSION = YES;
				CLANG_WARN_NON_LITERAL_NULL_CONVERSION = YES;
				CLANG_WARN_OBJC_IMPLICIT_RETAIN_SELF = YES;
				CLANG_WARN_OBJC_LITERAL_CONVERSION = YES;
				CLANG_WARN_OBJC_ROOT_CLASS = YES_ERROR;
				CLANG_WARN_RANGE_LOOP_ANALYSIS = YES;
				CLANG_WARN_STRICT_PROTOTYPES = YES;
				CLANG_WARN_SUSPICIOUS_MOVE = YES;
				CLANG_WARN_UNGUARDED_AVAILABILITY = YES_AGGRESSIVE;
				CLANG_WARN_UNREACHABLE_CODE = YES;
				CLANG_WARN__DUPLICATE_METHOD_MATCH = YES;
				CODE_SIGN_IDENTITY = "iPhone Developer";
				COPY_PHASE_STRIP = NO;
				DEBUG_INFORMATION_FORMAT = "dwarf-with-dsym";
				ENABLE_NS_ASSERTIONS = NO;
				ENABLE_STRICT_OBJC_MSGSEND = YES;
				GCC_C_LANGUAGE_STANDARD = gnu11;
				GCC_NO_COMMON_BLOCKS = YES;
				GCC_WARN_64_TO_32_BIT_CONVERSION = YES;
				GCC_WARN_ABOUT_RETURN_TYPE = YES_ERROR;
				GCC_WARN_UNDECLARED_SELECTOR = YES;
				GCC_WARN_UNINITIALIZED_AUTOS = YES_AGGRESSIVE;
				GCC_WARN_UNUSED_FUNCTION = YES;
				GCC_WARN_UNUSED_VARIABLE = YES;
				IPHONEOS_DEPLOYMENT_TARGET = 11.4;
				MTL_ENABLE_DEBUG_INFO = NO;
				SDKROOT = iphoneos;
				SWIFT_COMPILATION_MODE = wholemodule;
				SWIFT_OPTIMIZATION_LEVEL = "-O";
				VALIDATE_PRODUCT = YES;
			};
			name = Release;
		};
		E4069F3A213BE300009FCD7A /* Debug */ = {
			isa = XCBuildConfiguration;
			buildSettings = {
				ALWAYS_EMBED_SWIFT_STANDARD_LIBRARIES = YES;
				ASSETCATALOG_COMPILER_APPICON_NAME = AppIcon;
				CODE_SIGN_STYLE = Automatic;
				DEVELOPMENT_TEAM = 2T492Q3SC8;
				INFOPLIST_FILE = iOS_Example/Info.plist;
				LD_RUNPATH_SEARCH_PATHS = (
					"$(inherited)",
					"@executable_path/Frameworks",
				);
				PRODUCT_BUNDLE_IDENTIFIER = "com.samad.iOS-Example";
				PRODUCT_NAME = "$(TARGET_NAME)";
				SWIFT_VERSION = 4.0;
				TARGETED_DEVICE_FAMILY = "1,2";
			};
			name = Debug;
		};
		E4069F3B213BE300009FCD7A /* Release */ = {
			isa = XCBuildConfiguration;
			buildSettings = {
				ALWAYS_EMBED_SWIFT_STANDARD_LIBRARIES = YES;
				ASSETCATALOG_COMPILER_APPICON_NAME = AppIcon;
				CODE_SIGN_STYLE = Automatic;
				DEVELOPMENT_TEAM = 2T492Q3SC8;
				INFOPLIST_FILE = iOS_Example/Info.plist;
				LD_RUNPATH_SEARCH_PATHS = (
					"$(inherited)",
					"@executable_path/Frameworks",
				);
				PRODUCT_BUNDLE_IDENTIFIER = "com.samad.iOS-Example";
				PRODUCT_NAME = "$(TARGET_NAME)";
				SWIFT_VERSION = 4.0;
				TARGETED_DEVICE_FAMILY = "1,2";
			};
			name = Release;
		};
		E4069F3D213BE300009FCD7A /* Debug */ = {
			isa = XCBuildConfiguration;
			buildSettings = {
				ALWAYS_EMBED_SWIFT_STANDARD_LIBRARIES = YES;
				BUNDLE_LOADER = "$(TEST_HOST)";
				CODE_SIGN_STYLE = Automatic;
				DEVELOPMENT_TEAM = 2T492Q3SC8;
				INFOPLIST_FILE = iOS_ExampleTests/Info.plist;
				LD_RUNPATH_SEARCH_PATHS = (
					"$(inherited)",
					"@executable_path/Frameworks",
					"@loader_path/Frameworks",
				);
				PRODUCT_BUNDLE_IDENTIFIER = "com.samad.iOS-ExampleTests";
				PRODUCT_NAME = "$(TARGET_NAME)";
				SWIFT_VERSION = 4.0;
				TARGETED_DEVICE_FAMILY = "1,2";
				TEST_HOST = "$(BUILT_PRODUCTS_DIR)/iOS_Example.app/iOS_Example";
			};
			name = Debug;
		};
		E4069F3E213BE300009FCD7A /* Release */ = {
			isa = XCBuildConfiguration;
			buildSettings = {
				ALWAYS_EMBED_SWIFT_STANDARD_LIBRARIES = YES;
				BUNDLE_LOADER = "$(TEST_HOST)";
				CODE_SIGN_STYLE = Automatic;
				DEVELOPMENT_TEAM = 2T492Q3SC8;
				INFOPLIST_FILE = iOS_ExampleTests/Info.plist;
				LD_RUNPATH_SEARCH_PATHS = (
					"$(inherited)",
					"@executable_path/Frameworks",
					"@loader_path/Frameworks",
				);
				PRODUCT_BUNDLE_IDENTIFIER = "com.samad.iOS-ExampleTests";
				PRODUCT_NAME = "$(TARGET_NAME)";
				SWIFT_VERSION = 4.0;
				TARGETED_DEVICE_FAMILY = "1,2";
				TEST_HOST = "$(BUILT_PRODUCTS_DIR)/iOS_Example.app/iOS_Example";
			};
			name = Release;
		};
		E4069F40213BE300009FCD7A /* Debug */ = {
			isa = XCBuildConfiguration;
			buildSettings = {
				ALWAYS_EMBED_SWIFT_STANDARD_LIBRARIES = YES;
				CODE_SIGN_STYLE = Automatic;
				DEVELOPMENT_TEAM = 2T492Q3SC8;
				INFOPLIST_FILE = iOS_ExampleUITests/Info.plist;
				LD_RUNPATH_SEARCH_PATHS = (
					"$(inherited)",
					"@executable_path/Frameworks",
					"@loader_path/Frameworks",
				);
				PRODUCT_BUNDLE_IDENTIFIER = "com.samad.iOS-ExampleUITests";
				PRODUCT_NAME = "$(TARGET_NAME)";
				SWIFT_VERSION = 4.0;
				TARGETED_DEVICE_FAMILY = "1,2";
				TEST_TARGET_NAME = iOS_Example;
			};
			name = Debug;
		};
		E4069F41213BE300009FCD7A /* Release */ = {
			isa = XCBuildConfiguration;
			buildSettings = {
				ALWAYS_EMBED_SWIFT_STANDARD_LIBRARIES = YES;
				CODE_SIGN_STYLE = Automatic;
				DEVELOPMENT_TEAM = 2T492Q3SC8;
				INFOPLIST_FILE = iOS_ExampleUITests/Info.plist;
				LD_RUNPATH_SEARCH_PATHS = (
					"$(inherited)",
					"@executable_path/Frameworks",
					"@loader_path/Frameworks",
				);
				PRODUCT_BUNDLE_IDENTIFIER = "com.samad.iOS-ExampleUITests";
				PRODUCT_NAME = "$(TARGET_NAME)";
				SWIFT_VERSION = 4.0;
				TARGETED_DEVICE_FAMILY = "1,2";
				TEST_TARGET_NAME = iOS_Example;
			};
			name = Release;
		};
/* End XCBuildConfiguration section */

/* Begin XCConfigurationList section */
		E4069F0C213BE2FF009FCD7A /* Build configuration list for PBXProject "iOS_Example" */ = {
			isa = XCConfigurationList;
			buildConfigurations = (
				E4069F37213BE300009FCD7A /* Debug */,
				E4069F38213BE300009FCD7A /* Release */,
			);
			defaultConfigurationIsVisible = 0;
			defaultConfigurationName = Release;
		};
		E4069F39213BE300009FCD7A /* Build configuration list for PBXNativeTarget "iOS_Example" */ = {
			isa = XCConfigurationList;
			buildConfigurations = (
				E4069F3A213BE300009FCD7A /* Debug */,
				E4069F3B213BE300009FCD7A /* Release */,
			);
			defaultConfigurationIsVisible = 0;
			defaultConfigurationName = Release;
		};
		E4069F3C213BE300009FCD7A /* Build configuration list for PBXNativeTarget "iOS_ExampleTests" */ = {
			isa = XCConfigurationList;
			buildConfigurations = (
				E4069F3D213BE300009FCD7A /* Debug */,
				E4069F3E213BE300009FCD7A /* Release */,
			);
			defaultConfigurationIsVisible = 0;
			defaultConfigurationName = Release;
		};
		E4069F3F213BE300009FCD7A /* Build configuration list for PBXNativeTarget "iOS_ExampleUITests" */ = {
			isa = XCConfigurationList;
			buildConfigurations = (
				E4069F40213BE300009FCD7A /* Debug */,
				E4069F41213BE300009FCD7A /* Release */,
			);
			defaultConfigurationIsVisible = 0;
			defaultConfigurationName = Release;
		};
/* End XCConfigurationList section */
	};
	rootObject = E4069F09213BE2FF009FCD7A /* Project object */;
}
